---
Version: 1
SkyBlock:
  toilagauuu:
    Name: ToilaGauuu's Island
    Members:
    - ToilaGauuu
    Banned: []
    Locked: false
    Value: 0
    World: skyblock
    Reset Cooldown: 0
    Challenges: []
    Spawn:
      X: 2010.000000
      "Y": 33.000000
      Z: 2009.000000
    Area:
      start:
        X: 1952
        "Y": 0
        Z: 1954
      end:
        X: 2052
        "Y": 256
        Z: 2054
    Settings:
      Build: "on"
      Break: "on"
      Pickup: "on"
      Anvil: "on"
      Chest: "on"
      CraftingTable: "off"
      Fly: "off"
      Hopper: "on"
      Brewing: "off"
      Beacon: "on"
      Buckets: "on"
      PVP: "off"
      FlintAndSteel: "on"
      Furnace: "on"
      EnderChest: "off"
  tinhgamervn1997:
    Name: TinhGamerVN1997's Island
    Members:
    - TinhGamerVN1997
    Banned: []
    Locked: false
    Value: 0
    World: skyblock
    Reset Cooldown: 0
    Challenges: []
    Spawn:
      X: 512.000000
      "Y": 38.000000
      Z: 509.000000
    Area:
      start:
        X: 462.000000
        "Y": 0
        Z: 454
      end:
        X: 562.000000
        "Y": 256
        Z: 559.000000
    Settings:
      Build: "on"
      Break: "on"
      Pickup: "on"
      Anvil: "on"
      Chest: "on"
      CraftingTable: "off"
      Fly: "off"
      Hopper: "on"
      Brewing: "off"
      Beacon: "on"
      Buckets: "on"
      PVP: "off"
      FlintAndSteel: "on"
      Furnace: "on"
      EnderChest: "off"
  djboy5821:
    Name: DJBOY5821's Island
    Members:
    - DJBOY5821
    Banned: []
    Locked: false
    Value: 0
    World: skyblock
    Reset Cooldown: 0
    Challenges: []
    Spawn:
      X: 1012.000000
      "Y": 38.000000
      Z: 1009.000000
    Area:
      start:
        X: 962.000000
        "Y": 0
        Z: 954
      end:
        X: 1062.000000
        "Y": 256
        Z: 1059.000000
    Settings:
      Build: "on"
      Break: "on"
      Pickup: "on"
      Anvil: "on"
      Chest: "on"
      CraftingTable: "off"
      Fly: "off"
      Hopper: "on"
      Brewing: "off"
      Beacon: "on"
      Buckets: "on"
      PVP: "off"
      FlintAndSteel: "on"
      Furnace: "on"
      EnderChest: "off"
  tigervn5928:
    Name: TigerVN5928's Island
    Members:
    - TigerVN5928
    Banned: []
    Locked: false
    Value: 0
    World: skyblock
    Reset Cooldown: 0
    Challenges: []
    Spawn:
      X: 1509.000000
      "Y": 37.000000
      Z: 1504.000000
    Area:
      start:
        X: 1459.000000
        "Y": 0
        Z: 1454
      end:
        X: 1559.000000
        "Y": 256
        Z: 1554.000000
    Settings:
      Build: "on"
      Break: "on"
      Pickup: "on"
      Anvil: "on"
      Chest: "on"
      CraftingTable: "off"
      Fly: "off"
      Hopper: "on"
      Brewing: "off"
      Beacon: "on"
      Buckets: "on"
      PVP: "off"
      FlintAndSteel: "on"
      Furnace: "on"
      EnderChest: "off"
  khatn:
    Name: KhaTN's Island
    Members:
    - KhaTN
    Banned: []
    Locked: false
    Value: 0
    World: skyblock
    Reset Cooldown: 0
    Challenges: []
    Spawn:
      X: 2009.000000
      "Y": 37.000000
      Z: 2004.000000
    Area:
      start:
        X: 1959.000000
        "Y": 0
        Z: 1954
      end:
        X: 2059.000000
        "Y": 256
        Z: 2054.000000
    Settings:
      Build: "on"
      Break: "on"
      Pickup: "on"
      Anvil: "on"
      Chest: "on"
      CraftingTable: "off"
      Fly: "off"
      Hopper: "on"
      Brewing: "off"
      Beacon: "on"
      Buckets: "on"
      PVP: "off"
      FlintAndSteel: "on"
      Furnace: "on"
      EnderChest: "off"
Islands: 5
Custom: true
CustomX: 2
CustomY: 3
CustomZ: 4
Pos1: false
Pos2: false
x1: ~
x2: ~
y1: ~
y2: ~
z1: ~
z2: ~
blocks: []
worlds: 0
...
